
Microsoft Visual Studio Solution File, Format Version 12.00
# Visual Studio Version 16
VisualStudioVersion = 16.0.30621.155
MinimumVisualStudioVersion = 10.0.40219.1
Project("{FAE04EC0-301F-11D3-BF4B-00C04F79EFBC}") = "Calculator", "Calculator\Calculator.csproj", "{934BE5F6-7383-4D23-A866-38DD3B51107B}"
EndProject
Global
	GlobalSection(SolutionConfigurationPlatforms) = preSolution
		Debug|Any CPU = Debug|Any CPU
		Release|Any CPU = Release|Any CPU
	EndGlobalSection
	GlobalSection(ProjectConfigurationPlatforms) = postSolution
		{934BE5F6-7383-4D23-A866-38DD3B51107B}.Debug|Any CPU.ActiveCfg = Debug|Any CPU
		{934BE5F6-7383-4D23-A866-38DD3B51107B}.Debug|Any CPU.Build.0 = Debug|Any CPU
		{934BE5F6-7383-4D23-A866-38DD3B51107B}.Release|Any CPU.ActiveCfg = Release|Any CPU
		{934BE5F6-7383-4D23-A866-38DD3B51107B}.Release|Any CPU.Build.0 = Release|Any CPU
	EndGlobalSection
	GlobalSection(SolutionProperties) = preSolution
		HideSolutionNode = FALSE
	EndGlobalSection
	GlobalSection(ExtensibilityGlobals) = postSolution
		SolutionGuid = {443FDF1D-E730-489C-83EC-0AFBC8A36F23}
	EndGlobalSection
EndGlobal
